// !$*UTF8*$!
{
	archiveVersion = 1;
	classes = {
	};
	objectVersion = 56;
	objects = {

/* Begin PBXBuildFile section */
		37A2DEF229F0F4CF007A817C /* AppDelegate.swift in Sources */ = {isa = PBXBuildFile; fileRef = 37A2DEF129F0F4CF007A817C /* AppDelegate.swift */; };
		37A2DEF429F0F4CF007A817C /* GameScene.sks in Resources */ = {isa = PBXBuildFile; fileRef = 37A2DEF329F0F4CF007A817C /* GameScene.sks */; };
		37A2DEF629F0F4CF007A817C /* Actions.sks in Resources */ = {isa = PBXBuildFile; fileRef = 37A2DEF529F0F4CF007A817C /* Actions.sks */; };
		37A2DEF829F0F4CF007A817C /* GameScene.swift in Sources */ = {isa = PBXBuildFile; fileRef = 37A2DEF729F0F4CF007A817C /* GameScene.swift */; };
		37A2DEFA29F0F4CF007A817C /* GameViewController.swift in Sources */ = {isa = PBXBuildFile; fileRef = 37A2DEF929F0F4CF007A817C /* GameViewController.swift */; };
		37A2DEFD29F0F4CF007A817C /* Main.storyboard in Resources */ = {isa = PBXBuildFile; fileRef = 37A2DEFB29F0F4CF007A817C /* Main.storyboard */; };
		37A2DEFF29F0F4D1007A817C /* Assets.xcassets in Resources */ = {isa = PBXBuildFile; fileRef = 37A2DEFE29F0F4D1007A817C /* Assets.xcassets */; };
		37A2DF0229F0F4D1007A817C /* LaunchScreen.storyboard in Resources */ = {isa = PBXBuildFile; fileRef = 37A2DF0029F0F4D1007A817C /* LaunchScreen.storyboard */; };
		37A2DF0A29F0F686007A817C /* explosion.sks in Resources */ = {isa = PBXBuildFile; fileRef = 37A2DF0829F0F685007A817C /* explosion.sks */; };
		37A2DF0B29F0F686007A817C /* starfield.sks in Resources */ = {isa = PBXBuildFile; fileRef = 37A2DF0929F0F686007A817C /* starfield.sks */; };
/* End PBXBuildFile section */

/* Begin PBXFileReference section */
		37A2DEEE29F0F4CF007A817C /* Project17-1.app */ = {isa = PBXFileReference; explicitFileType = wrapper.application; includeInIndex = 0; path = "Project17-1.app"; sourceTree = BUILT_PRODUCTS_DIR; };
		37A2DEF129F0F4CF007A817C /* AppDelegate.swift */ = {isa = PBXFileReference; lastKnownFileType = sourcecode.swift; path = AppDelegate.swift; sourceTree = "<group>"; };
		37A2DEF329F0F4CF007A817C /* GameScene.sks */ = {isa = PBXFileReference; lastKnownFileType = file.sks; path = GameScene.sks; sourceTree = "<group>"; };
		37A2DEF529F0F4CF007A817C /* Actions.sks */ = {isa = PBXFileReference; lastKnownFileType = file.sks; path = Actions.sks; sourceTree = "<group>"; };
		37A2DEF729F0F4CF007A817C /* GameScene.swift */ = {isa = PBXFileReference; lastKnownFileType = sourcecode.swift; path = GameScene.swift; sourceTree = "<group>"; };
		37A2DEF929F0F4CF007A817C /* GameViewController.swift */ = {isa = PBXFileReference; lastKnownFileType = sourcecode.swift; path = GameViewController.swift; sourceTree = "<group>"; };
		37A2DEFC29F0F4CF007A817C /* Base */ = {isa = PBXFileReference; lastKnownFileType = file.storyboard; name = Base; path = Base.lproj/Main.storyboard; sourceTree = "<group>"; };
		37A2DEFE29F0F4D1007A817C /* Assets.xcassets */ = {isa = PBXFileReference; lastKnownFileType = folder.assetcatalog; path = Assets.xcassets; sourceTree = "<group>"; };
		37A2DF0129F0F4D1007A817C /* Base */ = {isa = PBXFileReference; lastKnownFileType = file.storyboard; name = Base; path = Base.lproj/LaunchScreen.storyboard; sourceTree = "<group>"; };
		37A2DF0829F0F685007A817C /* explosion.sks */ = {isa = PBXFileReference; lastKnownFileType = file.sks; path = explosion.sks; sourceTree = "<group>"; };
		37A2DF0929F0F686007A817C /* starfield.sks */ = {isa = PBXFileReference; lastKnownFileType = file.sks; path = starfield.sks; sourceTree = "<group>"; };
/* End PBXFileReference section */

/* Begin PBXFrameworksBuildPhase section */
		37A2DEEB29F0F4CF007A817C /* Frameworks */ = {
			isa = PBXFrameworksBuildPhase;
			buildActionMask = 2147483647;
			files = (
			);
			runOnlyForDeploymentPostprocessing = 0;
		};
/* End PBXFrameworksBuildPhase section */

/* Begin PBXGroup section */
		37A2DEE529F0F4CF007A817C = {
			isa = PBXGroup;
			children = (
				37A2DEF029F0F4CF007A817C /* Project17-1 */,
				37A2DEEF29F0F4CF007A817C /* Products */,
			);
			sourceTree = "<group>";
		};
		37A2DEEF29F0F4CF007A817C /* Products */ = {
			isa = PBXGroup;
			children = (
				37A2DEEE29F0F4CF007A817C /* Project17-1.app */,
			);
			name = Products;
			sourceTree = "<group>";
		};
		37A2DEF029F0F4CF007A817C /* Project17-1 */ = {
			isa = PBXGroup;
			children = (
				37A2DEF129F0F4CF007A817C /* AppDelegate.swift */,
				37A2DEF329F0F4CF007A817C /* GameScene.sks */,
				37A2DEF529F0F4CF007A817C /* Actions.sks */,
				37A2DEF729F0F4CF007A817C /* GameScene.swift */,
				37A2DEF929F0F4CF007A817C /* GameViewController.swift */,
				37A2DEFB29F0F4CF007A817C /* Main.storyboard */,
				37A2DEFE29F0F4D1007A817C /* Assets.xcassets */,
				37A2DF0029F0F4D1007A817C /* LaunchScreen.storyboard */,
				37A2DF0829F0F685007A817C /* explosion.sks */,
				37A2DF0929F0F686007A817C /* starfield.sks */,
			);
			path = "Project17-1";
			sourceTree = "<group>";
		};
/* End PBXGroup section */

/* Begin PBXNativeTarget section */
		37A2DEED29F0F4CF007A817C /* Project17-1 */ = {
			isa = PBXNativeTarget;
			buildConfigurationList = 37A2DF0529F0F4D1007A817C /* Build configuration list for PBXNativeTarget "Project17-1" */;
			buildPhases = (
				37A2DEEA29F0F4CF007A817C /* Sources */,
				37A2DEEB29F0F4CF007A817C /* Frameworks */,
				37A2DEEC29F0F4CF007A817C /* Resources */,
			);
			buildRules = (
			);
			dependencies = (
			);
			name = "Project17-1";
			productName = "Project17-1";
			productReference = 37A2DEEE29F0F4CF007A817C /* Project17-1.app */;
			productType = "com.apple.product-type.application";
		};
/* End PBXNativeTarget section */

/* Begin PBXProject section */
		37A2DEE629F0F4CF007A817C /* Project object */ = {
			isa = PBXProject;
			attributes = {
				BuildIndependentTargetsInParallel = 1;
				LastSwiftUpdateCheck = 1420;
				LastUpgradeCheck = 1420;
				TargetAttributes = {
					37A2DEED29F0F4CF007A817C = {
						CreatedOnToolsVersion = 14.2;
					};
				};
			};
			buildConfigurationList = 37A2DEE929F0F4CF007A817C /* Build configuration list for PBXProject "Project17-1" */;
			compatibilityVersion = "Xcode 14.0";
			developmentRegion = en;
			hasScannedForEncodings = 0;
			knownRegions = (
				en,
				Base,
			);
			mainGroup = 37A2DEE529F0F4CF007A817C;
			productRefGroup = 37A2DEEF29F0F4CF007A817C /* Products */;
			projectDirPath = "";
			projectRoot = "";
			targets = (
				37A2DEED29F0F4CF007A817C /* Project17-1 */,
			);
		};
/* End PBXProject section */

/* Begin PBXResourcesBuildPhase section */
		37A2DEEC29F0F4CF007A817C /* Resources */ = {
			isa = PBXResourcesBuildPhase;
			buildActionMask = 2147483647;
			files = (
				37A2DEFD29F0F4CF007A817C /* Main.storyboard in Resources */,
				37A2DEF429F0F4CF007A817C /* GameScene.sks in Resources */,
				37A2DEFF29F0F4D1007A817C /* Assets.xcassets in Resources */,
				37A2DF0A29F0F686007A817C /* explosion.sks in Resources */,
				37A2DF0229F0F4D1007A817C /* LaunchScreen.storyboard in Resources */,
				37A2DEF629F0F4CF007A817C /* Actions.sks in Resources */,
				37A2DF0B29F0F686007A817C /* starfield.sks in Resources */,
			);
			runOnlyForDeploymentPostprocessing = 0;
		};
/* End PBXResourcesBuildPhase section */

/* Begin PBXSourcesBuildPhase section */
		37A2DEEA29F0F4CF007A817C /* Sources */ = {
			isa = PBXSourcesBuildPhase;
			buildActionMask = 2147483647;
			files = (
				37A2DEF829F0F4CF007A817C /* GameScene.swift in Sources */,
				37A2DEFA29F0F4CF007A817C /* GameViewController.swift in Sources */,
				37A2DEF229F0F4CF007A817C /* AppDelegate.swift in Sources */,
			);
			runOnlyForDeploymentPostprocessing = 0;
		};
/* End PBXSourcesBuildPhase section */

/* Begin PBXVariantGroup section */
		37A2DEFB29F0F4CF007A817C /* Main.storyboard */ = {
			isa = PBXVariantGroup;
			children = (
				37A2DEFC29F0F4CF007A817C /* Base */,
			);
			name = Main.storyboard;
			sourceTree = "<group>";
		};
		37A2DF0029F0F4D1007A817C /* LaunchScreen.storyboard */ = {
			isa = PBXVariantGroup;
			children = (
				37A2DF0129F0F4D1007A817C /* Base */,
			);
			name = LaunchScreen.storyboard;
			sourceTree = "<group>";
		};
/* End PBXVariantGroup section */

/* Begin XCBuildConfiguration section */
		37A2DF0329F0F4D1007A817C /* Debug */ = {
			isa = XCBuildConfiguration;
			buildSettings = {
				ALWAYS_SEARCH_USER_PATHS = NO;
				CLANG_ANALYZER_NONNULL = YES;
				CLANG_ANALYZER_NUMBER_OBJECT_CONVERSION = YES_AGGRESSIVE;
				CLANG_CXX_LANGUAGE_STANDARD = "gnu++20";
				CLANG_ENABLE_MODULES = YES;
				CLANG_ENABLE_OBJC_ARC = YES;
				CLANG_ENABLE_OBJC_WEAK = YES;
				CLANG_WARN_BLOCK_CAPTURE_AUTORELEASING = YES;
				CLANG_WARN_BOOL_CONVERSION = YES;
				CLANG_WARN_COMMA = YES;
				CLANG_WARN_CONSTANT_CONVERSION = YES;
				CLANG_WARN_DEPRECATED_OBJC_IMPLEMENTATIONS = YES;
				CLANG_WARN_DIRECT_OBJC_ISA_USAGE = YES_ERROR;
				CLANG_WARN_DOCUMENTATION_COMMENTS = YES;
				CLANG_WARN_EMPTY_BODY = YES;
				CLANG_WARN_ENUM_CONVERSION = YES;
				CLANG_WARN_INFINITE_RECURSION = YES;
				CLANG_WARN_INT_CONVERSION = YES;
				CLANG_WARN_NON_LITERAL_NULL_CONVERSION = YES;
				CLANG_WARN_OBJC_IMPLICIT_RETAIN_SELF = YES;
				CLANG_WARN_OBJC_LITERAL_CONVERSION = YES;
				CLANG_WARN_OBJC_ROOT_CLASS = YES_ERROR;
				CLANG_WARN_QUOTED_INCLUDE_IN_FRAMEWORK_HEADER = YES;
				CLANG_WARN_RANGE_LOOP_ANALYSIS = YES;
				CLANG_WARN_STRICT_PROTOTYPES = YES;
				CLANG_WARN_SUSPICIOUS_MOVE = YES;
				CLANG_WARN_UNGUARDED_AVAILABILITY = YES_AGGRESSIVE;
				CLANG_WARN_UNREACHABLE_CODE = YES;
				CLANG_WARN__DUPLICATE_METHOD_MATCH = YES;
				COPY_PHASE_STRIP = NO;
				DEBUG_INFORMATION_FORMAT = dwarf;
				ENABLE_STRICT_OBJC_MSGSEND = YES;
				ENABLE_TESTABILITY = YES;
				GCC_C_LANGUAGE_STANDARD = gnu11;
				GCC_DYNAMIC_NO_PIC = NO;
				GCC_NO_COMMON_BLOCKS = YES;
				GCC_OPTIMIZATION_LEVEL = 0;
				GCC_PREPROCESSOR_DEFINITIONS = (
					"DEBUG=1",
					"$(inherited)",
				);
				GCC_WARN_64_TO_32_BIT_CONVERSION = YES;
				GCC_WARN_ABOUT_RETURN_TYPE = YES_ERROR;
				GCC_WARN_UNDECLARED_SELECTOR = YES;
				GCC_WARN_UNINITIALIZED_AUTOS = YES_AGGRESSIVE;
				GCC_WARN_UNUSED_FUNCTION = YES;
				GCC_WARN_UNUSED_VARIABLE = YES;
				IPHONEOS_DEPLOYMENT_TARGET = 16.2;
				MTL_ENABLE_DEBUG_INFO = INCLUDE_SOURCE;
				MTL_FAST_MATH = YES;
				ONLY_ACTIVE_ARCH = YES;
				SDKROOT = iphoneos;
				SWIFT_ACTIVE_COMPILATION_CONDITIONS = DEBUG;
				SWIFT_OPTIMIZATION_LEVEL = "-Onone";
			};
			name = Debug;
		};
		37A2DF0429F0F4D1007A817C /* Release */ = {
			isa = XCBuildConfiguration;
			buildSettings = {
				ALWAYS_SEARCH_USER_PATHS = NO;
				CLANG_ANALYZER_NONNULL = YES;
				CLANG_ANALYZER_NUMBER_OBJECT_CONVERSION = YES_AGGRESSIVE;
				CLANG_CXX_LANGUAGE_STANDARD = "gnu++20";
				CLANG_ENABLE_MODULES = YES;
				CLANG_ENABLE_OBJC_ARC = YES;
				CLANG_ENABLE_OBJC_WEAK = YES;
				CLANG_WARN_BLOCK_CAPTURE_AUTORELEASING = YES;
				CLANG_WARN_BOOL_CONVERSION = YES;
				CLANG_WARN_COMMA = YES;
				CLANG_WARN_CONSTANT_CONVERSION = YES;
				CLANG_WARN_DEPRECATED_OBJC_IMPLEMENTATIONS = YES;
				CLANG_WARN_DIRECT_OBJC_ISA_USAGE = YES_ERROR;
				CLANG_WARN_DOCUMENTATION_COMMENTS = YES;
				CLANG_WARN_EMPTY_BODY = YES;
				CLANG_WARN_ENUM_CONVERSION = YES;
				CLANG_WARN_INFINITE_RECURSION = YES;
				CLANG_WARN_INT_CONVERSION = YES;
				CLANG_WARN_NON_LITERAL_NULL_CONVERSION = YES;
				CLANG_WARN_OBJC_IMPLICIT_RETAIN_SELF = YES;
				CLANG_WARN_OBJC_LITERAL_CONVERSION = YES;
				CLANG_WARN_OBJC_ROOT_CLASS = YES_ERROR;
				CLANG_WARN_QUOTED_INCLUDE_IN_FRAMEWORK_HEADER = YES;
				CLANG_WARN_RANGE_LOOP_ANALYSIS = YES;
				CLANG_WARN_STRICT_PROTOTYPES = YES;
				CLANG_WARN_SUSPICIOUS_MOVE = YES;
				CLANG_WARN_UNGUARDED_AVAILABILITY = YES_AGGRESSIVE;
				CLANG_WARN_UNREACHABLE_CODE = YES;
				CLANG_WARN__DUPLICATE_METHOD_MATCH = YES;
				COPY_PHASE_STRIP = NO;
				DEBUG_INFORMATION_FORMAT = "dwarf-with-dsym";
				ENABLE_NS_ASSERTIONS = NO;
				ENABLE_STRICT_OBJC_MSGSEND = YES;
				GCC_C_LANGUAGE_STANDARD = gnu11;
				GCC_NO_COMMON_BLOCKS = YES;
				GCC_WARN_64_TO_32_BIT_CONVERSION = YES;
				GCC_WARN_ABOUT_RETURN_TYPE = YES_ERROR;
				GCC_WARN_UNDECLARED_SELECTOR = YES;
				GCC_WARN_UNINITIALIZED_AUTOS = YES_AGGRESSIVE;
				GCC_WARN_UNUSED_FUNCTION = YES;
				GCC_WARN_UNUSED_VARIABLE = YES;
				IPHONEOS_DEPLOYMENT_TARGET = 16.2;
				MTL_ENABLE_DEBUG_INFO = NO;
				MTL_FAST_MATH = YES;
				SDKROOT = iphoneos;
				SWIFT_COMPILATION_MODE = wholemodule;
				SWIFT_OPTIMIZATION_LEVEL = "-O";
				VALIDATE_PRODUCT = YES;
			};
			name = Release;
		};
		37A2DF0629F0F4D1007A817C /* Debug */ = {
			isa = XCBuildConfiguration;
			buildSettings = {
				ASSETCATALOG_COMPILER_APPICON_NAME = AppIcon;
				ASSETCATALOG_COMPILER_GLOBAL_ACCENT_COLOR_NAME = AccentColor;
				CODE_SIGN_STYLE = Automatic;
				CURRENT_PROJECT_VERSION = 1;
				DEVELOPMENT_TEAM = FQ9852Z3LX;
				GENERATE_INFOPLIST_FILE = YES;
				INFOPLIST_KEY_UIApplicationSupportsIndirectInputEvents = YES;
				INFOPLIST_KEY_UILaunchStoryboardName = LaunchScreen;
				INFOPLIST_KEY_UIMainStoryboardFile = Main;
				INFOPLIST_KEY_UIStatusBarHidden = YES;
				INFOPLIST_KEY_UISupportedInterfaceOrientations_iPad = "UIInterfaceOrientationPortrait UIInterfaceOrientationPortraitUpsideDown UIInterfaceOrientationLandscapeLeft UIInterfaceOrientationLandscapeRight";
				INFOPLIST_KEY_UISupportedInterfaceOrientations_iPhone = "UIInterfaceOrientationPortrait UIInterfaceOrientationLandscapeLeft UIInterfaceOrientationLandscapeRight";
				LD_RUNPATH_SEARCH_PATHS = (
					"$(inherited)",
					"@executable_path/Frameworks",
				);
				MARKETING_VERSION = 1.0;
				PRODUCT_BUNDLE_IDENTIFIER = "com.Ios.Project17-1";
				PRODUCT_NAME = "$(TARGET_NAME)";
				SWIFT_EMIT_LOC_STRINGS = YES;
				SWIFT_VERSION = 5.0;
				TARGETED_DEVICE_FAMILY = "1,2";
			};
			name = Debug;
		};
		37A2DF0729F0F4D1007A817C /* Release */ = {
			isa = XCBuildConfiguration;
			buildSettings = {
				ASSETCATALOG_COMPILER_APPICON_NAME = AppIcon;
				ASSETCATALOG_COMPILER_GLOBAL_ACCENT_COLOR_NAME = AccentColor;
				CODE_SIGN_STYLE = Automatic;
				CURRENT_PROJECT_VERSION = 1;
				DEVELOPMENT_TEAM = FQ9852Z3LX;
				GENERATE_INFOPLIST_FILE = YES;
				INFOPLIST_KEY_UIApplicationSupportsIndirectInputEvents = YES;
				INFOPLIST_KEY_UILaunchStoryboardName = LaunchScreen;
				INFOPLIST_KEY_UIMainStoryboardFile = Main;
				INFOPLIST_KEY_UIStatusBarHidden = YES;
				INFOPLIST_KEY_UISupportedInterfaceOrientations_iPad = "UIInterfaceOrientationPortrait UIInterfaceOrientationPortraitUpsideDown UIInterfaceOrientationLandscapeLeft UIInterfaceOrientationLandscapeRight";
				INFOPLIST_KEY_UISupportedInterfaceOrientations_iPhone = "UIInterfaceOrientationPortrait UIInterfaceOrientationLandscapeLeft UIInterfaceOrientationLandscapeRight";
				LD_RUNPATH_SEARCH_PATHS = (
					"$(inherited)",
					"@executable_path/Frameworks",
				);
				MARKETING_VERSION = 1.0;
				PRODUCT_BUNDLE_IDENTIFIER = "com.Ios.Project17-1";
				PRODUCT_NAME = "$(TARGET_NAME)";
				SWIFT_EMIT_LOC_STRINGS = YES;
				SWIFT_VERSION = 5.0;
				TARGETED_DEVICE_FAMILY = "1,2";
			};
			name = Release;
		};
/* End XCBuildConfiguration section */

/* Begin XCConfigurationList section */
		37A2DEE929F0F4CF007A817C /* Build configuration list for PBXProject "Project17-1" */ = {
			isa = XCConfigurationList;
			buildConfigurations = (
				37A2DF0329F0F4D1007A817C /* Debug */,
				37A2DF0429F0F4D1007A817C /* Release */,
			);
			defaultConfigurationIsVisible = 0;
			defaultConfigurationName = Release;
		};
		37A2DF0529F0F4D1007A817C /* Build configuration list for PBXNativeTarget "Project17-1" */ = {
			isa = XCConfigurationList;
			buildConfigurations = (
				37A2DF0629F0F4D1007A817C /* Debug */,
				37A2DF0729F0F4D1007A817C /* Release */,
			);
			defaultConfigurationIsVisible = 0;
			defaultConfigurationName = Release;
		};
/* End XCConfigurationList section */
	};
	rootObject = 37A2DEE629F0F4CF007A817C /* Project object */;
}
