// !$*UTF8*$!
{
	archiveVersion = 1;
	classes = {
	};
	objectVersion = 56;
	objects = {

/* Begin PBXBuildFile section */
		37DB645E29820CB20037B9B1 /* AppDelegate.swift in Sources */ = {isa = PBXBuildFile; fileRef = 37DB645D29820CB20037B9B1 /* AppDelegate.swift */; };
		37DB646029820CB20037B9B1 /* SceneDelegate.swift in Sources */ = {isa = PBXBuildFile; fileRef = 37DB645F29820CB20037B9B1 /* SceneDelegate.swift */; };
		37DB646229820CB20037B9B1 /* ViewController.swift in Sources */ = {isa = PBXBuildFile; fileRef = 37DB646129820CB20037B9B1 /* ViewController.swift */; };
		37DB646529820CB20037B9B1 /* Main.storyboard in Resources */ = {isa = PBXBuildFile; fileRef = 37DB646329820CB20037B9B1 /* Main.storyboard */; };
		37DB646729820CB50037B9B1 /* Assets.xcassets in Resources */ = {isa = PBXBuildFile; fileRef = 37DB646629820CB50037B9B1 /* Assets.xcassets */; };
		37DB646A29820CB50037B9B1 /* LaunchScreen.storyboard in Resources */ = {isa = PBXBuildFile; fileRef = 37DB646829820CB50037B9B1 /* LaunchScreen.storyboard */; };
		37DB647229820D1C0037B9B1 /* DetailViewController.swift in Sources */ = {isa = PBXBuildFile; fileRef = 37DB647129820D1C0037B9B1 /* DetailViewController.swift */; };
		37DB652E29821A230037B9B1 /* estonia@2x.png in Resources */ = {isa = PBXBuildFile; fileRef = 37DB64FF29821A210037B9B1 /* estonia@2x.png */; };
		37DB653129821A230037B9B1 /* spain@2x.png in Resources */ = {isa = PBXBuildFile; fileRef = 37DB650329821A210037B9B1 /* spain@2x.png */; };
		37DB653529821A230037B9B1 /* germany@2x.png in Resources */ = {isa = PBXBuildFile; fileRef = 37DB650829821A210037B9B1 /* germany@2x.png */; };
		37DB653729821A230037B9B1 /* russia@2x.png in Resources */ = {isa = PBXBuildFile; fileRef = 37DB650B29821A210037B9B1 /* russia@2x.png */; };
		37DB653C29821A230037B9B1 /* uk@2x.png in Resources */ = {isa = PBXBuildFile; fileRef = 37DB651129821A210037B9B1 /* uk@2x.png */; };
		37DB653D29821A230037B9B1 /* nigeria@2x.png in Resources */ = {isa = PBXBuildFile; fileRef = 37DB651329821A210037B9B1 /* nigeria@2x.png */; };
		37DB654229821A230037B9B1 /* us@2x.png in Resources */ = {isa = PBXBuildFile; fileRef = 37DB651929821A220037B9B1 /* us@2x.png */; };
		37DB654429821A230037B9B1 /* italy@2x.png in Resources */ = {isa = PBXBuildFile; fileRef = 37DB651C29821A220037B9B1 /* italy@2x.png */; };
		37DB654629821A230037B9B1 /* poland@2x.png in Resources */ = {isa = PBXBuildFile; fileRef = 37DB651F29821A220037B9B1 /* poland@2x.png */; };
		37DB654A29821A230037B9B1 /* monaco@2x.png in Resources */ = {isa = PBXBuildFile; fileRef = 37DB652429821A220037B9B1 /* monaco@2x.png */; };
		37DB654E29821A230037B9B1 /* france@2x.png in Resources */ = {isa = PBXBuildFile; fileRef = 37DB652929821A220037B9B1 /* france@2x.png */; };
		37DB654F29821A230037B9B1 /* ireland@2x.png in Resources */ = {isa = PBXBuildFile; fileRef = 37DB652B29821A220037B9B1 /* ireland@2x.png */; };
/* End PBXBuildFile section */

/* Begin PBXFileReference section */
		37DB645A29820CB20037B9B1 /* Project1-3ReviewTest.app */ = {isa = PBXFileReference; explicitFileType = wrapper.application; includeInIndex = 0; path = "Project1-3ReviewTest.app"; sourceTree = BUILT_PRODUCTS_DIR; };
		37DB645D29820CB20037B9B1 /* AppDelegate.swift */ = {isa = PBXFileReference; lastKnownFileType = sourcecode.swift; path = AppDelegate.swift; sourceTree = "<group>"; };
		37DB645F29820CB20037B9B1 /* SceneDelegate.swift */ = {isa = PBXFileReference; lastKnownFileType = sourcecode.swift; path = SceneDelegate.swift; sourceTree = "<group>"; };
		37DB646129820CB20037B9B1 /* ViewController.swift */ = {isa = PBXFileReference; lastKnownFileType = sourcecode.swift; path = ViewController.swift; sourceTree = "<group>"; };
		37DB646429820CB20037B9B1 /* Base */ = {isa = PBXFileReference; lastKnownFileType = file.storyboard; name = Base; path = Base.lproj/Main.storyboard; sourceTree = "<group>"; };
		37DB646629820CB50037B9B1 /* Assets.xcassets */ = {isa = PBXFileReference; lastKnownFileType = folder.assetcatalog; path = Assets.xcassets; sourceTree = "<group>"; };
		37DB646929820CB50037B9B1 /* Base */ = {isa = PBXFileReference; lastKnownFileType = file.storyboard; name = Base; path = Base.lproj/LaunchScreen.storyboard; sourceTree = "<group>"; };
		37DB646B29820CB50037B9B1 /* Info.plist */ = {isa = PBXFileReference; lastKnownFileType = text.plist.xml; path = Info.plist; sourceTree = "<group>"; };
		37DB647129820D1C0037B9B1 /* DetailViewController.swift */ = {isa = PBXFileReference; lastKnownFileType = sourcecode.swift; path = DetailViewController.swift; sourceTree = "<group>"; };
		37DB64FF29821A210037B9B1 /* estonia@2x.png */ = {isa = PBXFileReference; lastKnownFileType = image.png; path = "estonia@2x.png"; sourceTree = "<group>"; };
		37DB650329821A210037B9B1 /* spain@2x.png */ = {isa = PBXFileReference; lastKnownFileType = image.png; path = "spain@2x.png"; sourceTree = "<group>"; };
		37DB650829821A210037B9B1 /* germany@2x.png */ = {isa = PBXFileReference; lastKnownFileType = image.png; path = "germany@2x.png"; sourceTree = "<group>"; };
		37DB650B29821A210037B9B1 /* russia@2x.png */ = {isa = PBXFileReference; lastKnownFileType = image.png; path = "russia@2x.png"; sourceTree = "<group>"; };
		37DB651129821A210037B9B1 /* uk@2x.png */ = {isa = PBXFileReference; lastKnownFileType = image.png; path = "uk@2x.png"; sourceTree = "<group>"; };
		37DB651329821A210037B9B1 /* nigeria@2x.png */ = {isa = PBXFileReference; lastKnownFileType = image.png; path = "nigeria@2x.png"; sourceTree = "<group>"; };
		37DB651929821A220037B9B1 /* us@2x.png */ = {isa = PBXFileReference; lastKnownFileType = image.png; path = "us@2x.png"; sourceTree = "<group>"; };
		37DB651C29821A220037B9B1 /* italy@2x.png */ = {isa = PBXFileReference; lastKnownFileType = image.png; path = "italy@2x.png"; sourceTree = "<group>"; };
		37DB651F29821A220037B9B1 /* poland@2x.png */ = {isa = PBXFileReference; lastKnownFileType = image.png; path = "poland@2x.png"; sourceTree = "<group>"; };
		37DB652429821A220037B9B1 /* monaco@2x.png */ = {isa = PBXFileReference; lastKnownFileType = image.png; path = "monaco@2x.png"; sourceTree = "<group>"; };
		37DB652929821A220037B9B1 /* france@2x.png */ = {isa = PBXFileReference; lastKnownFileType = image.png; path = "france@2x.png"; sourceTree = "<group>"; };
		37DB652B29821A220037B9B1 /* ireland@2x.png */ = {isa = PBXFileReference; lastKnownFileType = image.png; path = "ireland@2x.png"; sourceTree = "<group>"; };
/* End PBXFileReference section */

/* Begin PBXFrameworksBuildPhase section */
		37DB645729820CB20037B9B1 /* Frameworks */ = {
			isa = PBXFrameworksBuildPhase;
			buildActionMask = 2147483647;
			files = (
			);
			runOnlyForDeploymentPostprocessing = 0;
		};
/* End PBXFrameworksBuildPhase section */

/* Begin PBXGroup section */
		37DB645129820CB20037B9B1 = {
			isa = PBXGroup;
			children = (
				37DB645C29820CB20037B9B1 /* Project1-3ReviewTest */,
				37DB645B29820CB20037B9B1 /* Products */,
			);
			sourceTree = "<group>";
		};
		37DB645B29820CB20037B9B1 /* Products */ = {
			isa = PBXGroup;
			children = (
				37DB645A29820CB20037B9B1 /* Project1-3ReviewTest.app */,
			);
			name = Products;
			sourceTree = "<group>";
		};
		37DB645C29820CB20037B9B1 /* Project1-3ReviewTest */ = {
			isa = PBXGroup;
			children = (
				37DB645D29820CB20037B9B1 /* AppDelegate.swift */,
				37DB645F29820CB20037B9B1 /* SceneDelegate.swift */,
				37DB646129820CB20037B9B1 /* ViewController.swift */,
				37DB646329820CB20037B9B1 /* Main.storyboard */,
				37DB646629820CB50037B9B1 /* Assets.xcassets */,
				37DB646829820CB50037B9B1 /* LaunchScreen.storyboard */,
				37DB646B29820CB50037B9B1 /* Info.plist */,
				37DB647129820D1C0037B9B1 /* DetailViewController.swift */,
				37DB64E7298218670037B9B1 /* Content */,
			);
			path = "Project1-3ReviewTest";
			sourceTree = "<group>";
		};
		37DB64E7298218670037B9B1 /* Content */ = {
			isa = PBXGroup;
			children = (
				37DB64FF29821A210037B9B1 /* estonia@2x.png */,
				37DB652929821A220037B9B1 /* france@2x.png */,
				37DB650829821A210037B9B1 /* germany@2x.png */,
				37DB652B29821A220037B9B1 /* ireland@2x.png */,
				37DB651C29821A220037B9B1 /* italy@2x.png */,
				37DB651329821A210037B9B1 /* nigeria@2x.png */,
				37DB652429821A220037B9B1 /* monaco@2x.png */,
				37DB651929821A220037B9B1 /* us@2x.png */,
				37DB651129821A210037B9B1 /* uk@2x.png */,
				37DB650329821A210037B9B1 /* spain@2x.png */,
				37DB650B29821A210037B9B1 /* russia@2x.png */,
				37DB651F29821A220037B9B1 /* poland@2x.png */,
			);
			name = Content;
			path = ../../Project3/Project3/Content;
			sourceTree = "<group>";
		};
/* End PBXGroup section */

/* Begin PBXNativeTarget section */
		37DB645929820CB20037B9B1 /* Project1-3ReviewTest */ = {
			isa = PBXNativeTarget;
			buildConfigurationList = 37DB646E29820CB50037B9B1 /* Build configuration list for PBXNativeTarget "Project1-3ReviewTest" */;
			buildPhases = (
				37DB645629820CB20037B9B1 /* Sources */,
				37DB645729820CB20037B9B1 /* Frameworks */,
				37DB645829820CB20037B9B1 /* Resources */,
			);
			buildRules = (
			);
			dependencies = (
			);
			name = "Project1-3ReviewTest";
			productName = "Project1-3ReviewTest";
			productReference = 37DB645A29820CB20037B9B1 /* Project1-3ReviewTest.app */;
			productType = "com.apple.product-type.application";
		};
/* End PBXNativeTarget section */

/* Begin PBXProject section */
		37DB645229820CB20037B9B1 /* Project object */ = {
			isa = PBXProject;
			attributes = {
				BuildIndependentTargetsInParallel = 1;
				LastSwiftUpdateCheck = 1420;
				LastUpgradeCheck = 1420;
				TargetAttributes = {
					37DB645929820CB20037B9B1 = {
						CreatedOnToolsVersion = 14.2;
					};
				};
			};
			buildConfigurationList = 37DB645529820CB20037B9B1 /* Build configuration list for PBXProject "Project1-3ReviewTest" */;
			compatibilityVersion = "Xcode 14.0";
			developmentRegion = en;
			hasScannedForEncodings = 0;
			knownRegions = (
				en,
				Base,
			);
			mainGroup = 37DB645129820CB20037B9B1;
			productRefGroup = 37DB645B29820CB20037B9B1 /* Products */;
			projectDirPath = "";
			projectRoot = "";
			targets = (
				37DB645929820CB20037B9B1 /* Project1-3ReviewTest */,
			);
		};
/* End PBXProject section */

/* Begin PBXResourcesBuildPhase section */
		37DB645829820CB20037B9B1 /* Resources */ = {
			isa = PBXResourcesBuildPhase;
			buildActionMask = 2147483647;
			files = (
				37DB654229821A230037B9B1 /* us@2x.png in Resources */,
				37DB646A29820CB50037B9B1 /* LaunchScreen.storyboard in Resources */,
				37DB653529821A230037B9B1 /* germany@2x.png in Resources */,
				37DB654F29821A230037B9B1 /* ireland@2x.png in Resources */,
				37DB646729820CB50037B9B1 /* Assets.xcassets in Resources */,
				37DB654A29821A230037B9B1 /* monaco@2x.png in Resources */,
				37DB652E29821A230037B9B1 /* estonia@2x.png in Resources */,
				37DB654E29821A230037B9B1 /* france@2x.png in Resources */,
				37DB653129821A230037B9B1 /* spain@2x.png in Resources */,
				37DB654429821A230037B9B1 /* italy@2x.png in Resources */,
				37DB646529820CB20037B9B1 /* Main.storyboard in Resources */,
				37DB653729821A230037B9B1 /* russia@2x.png in Resources */,
				37DB653D29821A230037B9B1 /* nigeria@2x.png in Resources */,
				37DB654629821A230037B9B1 /* poland@2x.png in Resources */,
				37DB653C29821A230037B9B1 /* uk@2x.png in Resources */,
			);
			runOnlyForDeploymentPostprocessing = 0;
		};
/* End PBXResourcesBuildPhase section */

/* Begin PBXSourcesBuildPhase section */
		37DB645629820CB20037B9B1 /* Sources */ = {
			isa = PBXSourcesBuildPhase;
			buildActionMask = 2147483647;
			files = (
				37DB646229820CB20037B9B1 /* ViewController.swift in Sources */,
				37DB645E29820CB20037B9B1 /* AppDelegate.swift in Sources */,
				37DB646029820CB20037B9B1 /* SceneDelegate.swift in Sources */,
				37DB647229820D1C0037B9B1 /* DetailViewController.swift in Sources */,
			);
			runOnlyForDeploymentPostprocessing = 0;
		};
/* End PBXSourcesBuildPhase section */

/* Begin PBXVariantGroup section */
		37DB646329820CB20037B9B1 /* Main.storyboard */ = {
			isa = PBXVariantGroup;
			children = (
				37DB646429820CB20037B9B1 /* Base */,
			);
			name = Main.storyboard;
			sourceTree = "<group>";
		};
		37DB646829820CB50037B9B1 /* LaunchScreen.storyboard */ = {
			isa = PBXVariantGroup;
			children = (
				37DB646929820CB50037B9B1 /* Base */,
			);
			name = LaunchScreen.storyboard;
			sourceTree = "<group>";
		};
/* End PBXVariantGroup section */

/* Begin XCBuildConfiguration section */
		37DB646C29820CB50037B9B1 /* Debug */ = {
			isa = XCBuildConfiguration;
			buildSettings = {
				ALWAYS_SEARCH_USER_PATHS = NO;
				CLANG_ANALYZER_NONNULL = YES;
				CLANG_ANALYZER_NUMBER_OBJECT_CONVERSION = YES_AGGRESSIVE;
				CLANG_CXX_LANGUAGE_STANDARD = "gnu++20";
				CLANG_ENABLE_MODULES = YES;
				CLANG_ENABLE_OBJC_ARC = YES;
				CLANG_ENABLE_OBJC_WEAK = YES;
				CLANG_WARN_BLOCK_CAPTURE_AUTORELEASING = YES;
				CLANG_WARN_BOOL_CONVERSION = YES;
				CLANG_WARN_COMMA = YES;
				CLANG_WARN_CONSTANT_CONVERSION = YES;
				CLANG_WARN_DEPRECATED_OBJC_IMPLEMENTATIONS = YES;
				CLANG_WARN_DIRECT_OBJC_ISA_USAGE = YES_ERROR;
				CLANG_WARN_DOCUMENTATION_COMMENTS = YES;
				CLANG_WARN_EMPTY_BODY = YES;
				CLANG_WARN_ENUM_CONVERSION = YES;
				CLANG_WARN_INFINITE_RECURSION = YES;
				CLANG_WARN_INT_CONVERSION = YES;
				CLANG_WARN_NON_LITERAL_NULL_CONVERSION = YES;
				CLANG_WARN_OBJC_IMPLICIT_RETAIN_SELF = YES;
				CLANG_WARN_OBJC_LITERAL_CONVERSION = YES;
				CLANG_WARN_OBJC_ROOT_CLASS = YES_ERROR;
				CLANG_WARN_QUOTED_INCLUDE_IN_FRAMEWORK_HEADER = YES;
				CLANG_WARN_RANGE_LOOP_ANALYSIS = YES;
				CLANG_WARN_STRICT_PROTOTYPES = YES;
				CLANG_WARN_SUSPICIOUS_MOVE = YES;
				CLANG_WARN_UNGUARDED_AVAILABILITY = YES_AGGRESSIVE;
				CLANG_WARN_UNREACHABLE_CODE = YES;
				CLANG_WARN__DUPLICATE_METHOD_MATCH = YES;
				COPY_PHASE_STRIP = NO;
				DEBUG_INFORMATION_FORMAT = dwarf;
				ENABLE_STRICT_OBJC_MSGSEND = YES;
				ENABLE_TESTABILITY = YES;
				GCC_C_LANGUAGE_STANDARD = gnu11;
				GCC_DYNAMIC_NO_PIC = NO;
				GCC_NO_COMMON_BLOCKS = YES;
				GCC_OPTIMIZATION_LEVEL = 0;
				GCC_PREPROCESSOR_DEFINITIONS = (
					"DEBUG=1",
					"$(inherited)",
				);
				GCC_WARN_64_TO_32_BIT_CONVERSION = YES;
				GCC_WARN_ABOUT_RETURN_TYPE = YES_ERROR;
				GCC_WARN_UNDECLARED_SELECTOR = YES;
				GCC_WARN_UNINITIALIZED_AUTOS = YES_AGGRESSIVE;
				GCC_WARN_UNUSED_FUNCTION = YES;
				GCC_WARN_UNUSED_VARIABLE = YES;
				IPHONEOS_DEPLOYMENT_TARGET = 16.2;
				MTL_ENABLE_DEBUG_INFO = INCLUDE_SOURCE;
				MTL_FAST_MATH = YES;
				ONLY_ACTIVE_ARCH = YES;
				SDKROOT = iphoneos;
				SWIFT_ACTIVE_COMPILATION_CONDITIONS = DEBUG;
				SWIFT_OPTIMIZATION_LEVEL = "-Onone";
			};
			name = Debug;
		};
		37DB646D29820CB50037B9B1 /* Release */ = {
			isa = XCBuildConfiguration;
			buildSettings = {
				ALWAYS_SEARCH_USER_PATHS = NO;
				CLANG_ANALYZER_NONNULL = YES;
				CLANG_ANALYZER_NUMBER_OBJECT_CONVERSION = YES_AGGRESSIVE;
				CLANG_CXX_LANGUAGE_STANDARD = "gnu++20";
				CLANG_ENABLE_MODULES = YES;
				CLANG_ENABLE_OBJC_ARC = YES;
				CLANG_ENABLE_OBJC_WEAK = YES;
				CLANG_WARN_BLOCK_CAPTURE_AUTORELEASING = YES;
				CLANG_WARN_BOOL_CONVERSION = YES;
				CLANG_WARN_COMMA = YES;
				CLANG_WARN_CONSTANT_CONVERSION = YES;
				CLANG_WARN_DEPRECATED_OBJC_IMPLEMENTATIONS = YES;
				CLANG_WARN_DIRECT_OBJC_ISA_USAGE = YES_ERROR;
				CLANG_WARN_DOCUMENTATION_COMMENTS = YES;
				CLANG_WARN_EMPTY_BODY = YES;
				CLANG_WARN_ENUM_CONVERSION = YES;
				CLANG_WARN_INFINITE_RECURSION = YES;
				CLANG_WARN_INT_CONVERSION = YES;
				CLANG_WARN_NON_LITERAL_NULL_CONVERSION = YES;
				CLANG_WARN_OBJC_IMPLICIT_RETAIN_SELF = YES;
				CLANG_WARN_OBJC_LITERAL_CONVERSION = YES;
				CLANG_WARN_OBJC_ROOT_CLASS = YES_ERROR;
				CLANG_WARN_QUOTED_INCLUDE_IN_FRAMEWORK_HEADER = YES;
				CLANG_WARN_RANGE_LOOP_ANALYSIS = YES;
				CLANG_WARN_STRICT_PROTOTYPES = YES;
				CLANG_WARN_SUSPICIOUS_MOVE = YES;
				CLANG_WARN_UNGUARDED_AVAILABILITY = YES_AGGRESSIVE;
				CLANG_WARN_UNREACHABLE_CODE = YES;
				CLANG_WARN__DUPLICATE_METHOD_MATCH = YES;
				COPY_PHASE_STRIP = NO;
				DEBUG_INFORMATION_FORMAT = "dwarf-with-dsym";
				ENABLE_NS_ASSERTIONS = NO;
				ENABLE_STRICT_OBJC_MSGSEND = YES;
				GCC_C_LANGUAGE_STANDARD = gnu11;
				GCC_NO_COMMON_BLOCKS = YES;
				GCC_WARN_64_TO_32_BIT_CONVERSION = YES;
				GCC_WARN_ABOUT_RETURN_TYPE = YES_ERROR;
				GCC_WARN_UNDECLARED_SELECTOR = YES;
				GCC_WARN_UNINITIALIZED_AUTOS = YES_AGGRESSIVE;
				GCC_WARN_UNUSED_FUNCTION = YES;
				GCC_WARN_UNUSED_VARIABLE = YES;
				IPHONEOS_DEPLOYMENT_TARGET = 16.2;
				MTL_ENABLE_DEBUG_INFO = NO;
				MTL_FAST_MATH = YES;
				SDKROOT = iphoneos;
				SWIFT_COMPILATION_MODE = wholemodule;
				SWIFT_OPTIMIZATION_LEVEL = "-O";
				VALIDATE_PRODUCT = YES;
			};
			name = Release;
		};
		37DB646F29820CB50037B9B1 /* Debug */ = {
			isa = XCBuildConfiguration;
			buildSettings = {
				ASSETCATALOG_COMPILER_APPICON_NAME = AppIcon;
				ASSETCATALOG_COMPILER_GLOBAL_ACCENT_COLOR_NAME = AccentColor;
				CODE_SIGN_STYLE = Automatic;
				CURRENT_PROJECT_VERSION = 1;
				DEVELOPMENT_TEAM = FQ9852Z3LX;
				GENERATE_INFOPLIST_FILE = YES;
				INFOPLIST_FILE = "Project1-3ReviewTest/Info.plist";
				INFOPLIST_KEY_UIApplicationSupportsIndirectInputEvents = YES;
				INFOPLIST_KEY_UILaunchStoryboardName = LaunchScreen;
				INFOPLIST_KEY_UIMainStoryboardFile = Main;
				INFOPLIST_KEY_UISupportedInterfaceOrientations_iPad = "UIInterfaceOrientationPortrait UIInterfaceOrientationPortraitUpsideDown UIInterfaceOrientationLandscapeLeft UIInterfaceOrientationLandscapeRight";
				INFOPLIST_KEY_UISupportedInterfaceOrientations_iPhone = "UIInterfaceOrientationPortrait UIInterfaceOrientationLandscapeLeft UIInterfaceOrientationLandscapeRight";
				LD_RUNPATH_SEARCH_PATHS = (
					"$(inherited)",
					"@executable_path/Frameworks",
				);
				MARKETING_VERSION = 1.0;
				PRODUCT_BUNDLE_IDENTIFIER = "com.Ios.Project1-3ReviewTest";
				PRODUCT_NAME = "$(TARGET_NAME)";
				SWIFT_EMIT_LOC_STRINGS = YES;
				SWIFT_VERSION = 5.0;
				TARGETED_DEVICE_FAMILY = "1,2";
			};
			name = Debug;
		};
		37DB647029820CB50037B9B1 /* Release */ = {
			isa = XCBuildConfiguration;
			buildSettings = {
				ASSETCATALOG_COMPILER_APPICON_NAME = AppIcon;
				ASSETCATALOG_COMPILER_GLOBAL_ACCENT_COLOR_NAME = AccentColor;
				CODE_SIGN_STYLE = Automatic;
				CURRENT_PROJECT_VERSION = 1;
				DEVELOPMENT_TEAM = FQ9852Z3LX;
				GENERATE_INFOPLIST_FILE = YES;
				INFOPLIST_FILE = "Project1-3ReviewTest/Info.plist";
				INFOPLIST_KEY_UIApplicationSupportsIndirectInputEvents = YES;
				INFOPLIST_KEY_UILaunchStoryboardName = LaunchScreen;
				INFOPLIST_KEY_UIMainStoryboardFile = Main;
				INFOPLIST_KEY_UISupportedInterfaceOrientations_iPad = "UIInterfaceOrientationPortrait UIInterfaceOrientationPortraitUpsideDown UIInterfaceOrientationLandscapeLeft UIInterfaceOrientationLandscapeRight";
				INFOPLIST_KEY_UISupportedInterfaceOrientations_iPhone = "UIInterfaceOrientationPortrait UIInterfaceOrientationLandscapeLeft UIInterfaceOrientationLandscapeRight";
				LD_RUNPATH_SEARCH_PATHS = (
					"$(inherited)",
					"@executable_path/Frameworks",
				);
				MARKETING_VERSION = 1.0;
				PRODUCT_BUNDLE_IDENTIFIER = "com.Ios.Project1-3ReviewTest";
				PRODUCT_NAME = "$(TARGET_NAME)";
				SWIFT_EMIT_LOC_STRINGS = YES;
				SWIFT_VERSION = 5.0;
				TARGETED_DEVICE_FAMILY = "1,2";
			};
			name = Release;
		};
/* End XCBuildConfiguration section */

/* Begin XCConfigurationList section */
		37DB645529820CB20037B9B1 /* Build configuration list for PBXProject "Project1-3ReviewTest" */ = {
			isa = XCConfigurationList;
			buildConfigurations = (
				37DB646C29820CB50037B9B1 /* Debug */,
				37DB646D29820CB50037B9B1 /* Release */,
			);
			defaultConfigurationIsVisible = 0;
			defaultConfigurationName = Release;
		};
		37DB646E29820CB50037B9B1 /* Build configuration list for PBXNativeTarget "Project1-3ReviewTest" */ = {
			isa = XCConfigurationList;
			buildConfigurations = (
				37DB646F29820CB50037B9B1 /* Debug */,
				37DB647029820CB50037B9B1 /* Release */,
			);
			defaultConfigurationIsVisible = 0;
			defaultConfigurationName = Release;
		};
/* End XCConfigurationList section */
	};
	rootObject = 37DB645229820CB20037B9B1 /* Project object */;
}
