// !$*UTF8*$!
{
	archiveVersion = 1;
	classes = {
	};
	objectVersion = 56;
	objects = {

/* Begin PBXBuildFile section */
		370DC70729DEC1AF0094DFA6 /* AppDelegate.swift in Sources */ = {isa = PBXBuildFile; fileRef = 370DC70629DEC1AF0094DFA6 /* AppDelegate.swift */; };
		370DC70929DEC1AF0094DFA6 /* SceneDelegate.swift in Sources */ = {isa = PBXBuildFile; fileRef = 370DC70829DEC1AF0094DFA6 /* SceneDelegate.swift */; };
		370DC70B29DEC1AF0094DFA6 /* ViewController.swift in Sources */ = {isa = PBXBuildFile; fileRef = 370DC70A29DEC1AF0094DFA6 /* ViewController.swift */; };
		370DC70E29DEC1AF0094DFA6 /* Main.storyboard in Resources */ = {isa = PBXBuildFile; fileRef = 370DC70C29DEC1AF0094DFA6 /* Main.storyboard */; };
		370DC71029DEC1B10094DFA6 /* Assets.xcassets in Resources */ = {isa = PBXBuildFile; fileRef = 370DC70F29DEC1B10094DFA6 /* Assets.xcassets */; };
		370DC71329DEC1B10094DFA6 /* LaunchScreen.storyboard in Resources */ = {isa = PBXBuildFile; fileRef = 370DC71129DEC1B10094DFA6 /* LaunchScreen.storyboard */; };
		370DC71B29DEC2110094DFA6 /* DetailViewController.swift in Sources */ = {isa = PBXBuildFile; fileRef = 370DC71A29DEC2110094DFA6 /* DetailViewController.swift */; };
		370DC71D29DEC2730094DFA6 /* Utils.swift in Sources */ = {isa = PBXBuildFile; fileRef = 370DC71C29DEC2730094DFA6 /* Utils.swift */; };
		370DC71F29DEC27B0094DFA6 /* Picture.swift in Sources */ = {isa = PBXBuildFile; fileRef = 370DC71E29DEC27B0094DFA6 /* Picture.swift */; };
		370DC72129DEC28F0094DFA6 /* PictureCell.swift in Sources */ = {isa = PBXBuildFile; fileRef = 370DC72029DEC28F0094DFA6 /* PictureCell.swift */; };
/* End PBXBuildFile section */

/* Begin PBXFileReference section */
		370DC70329DEC1AF0094DFA6 /* Project 10-12Challenge.app */ = {isa = PBXFileReference; explicitFileType = wrapper.application; includeInIndex = 0; path = "Project 10-12Challenge.app"; sourceTree = BUILT_PRODUCTS_DIR; };
		370DC70629DEC1AF0094DFA6 /* AppDelegate.swift */ = {isa = PBXFileReference; lastKnownFileType = sourcecode.swift; path = AppDelegate.swift; sourceTree = "<group>"; };
		370DC70829DEC1AF0094DFA6 /* SceneDelegate.swift */ = {isa = PBXFileReference; lastKnownFileType = sourcecode.swift; path = SceneDelegate.swift; sourceTree = "<group>"; };
		370DC70A29DEC1AF0094DFA6 /* ViewController.swift */ = {isa = PBXFileReference; lastKnownFileType = sourcecode.swift; path = ViewController.swift; sourceTree = "<group>"; };
		370DC70D29DEC1AF0094DFA6 /* Base */ = {isa = PBXFileReference; lastKnownFileType = file.storyboard; name = Base; path = Base.lproj/Main.storyboard; sourceTree = "<group>"; };
		370DC70F29DEC1B10094DFA6 /* Assets.xcassets */ = {isa = PBXFileReference; lastKnownFileType = folder.assetcatalog; path = Assets.xcassets; sourceTree = "<group>"; };
		370DC71229DEC1B10094DFA6 /* Base */ = {isa = PBXFileReference; lastKnownFileType = file.storyboard; name = Base; path = Base.lproj/LaunchScreen.storyboard; sourceTree = "<group>"; };
		370DC71429DEC1B10094DFA6 /* Info.plist */ = {isa = PBXFileReference; lastKnownFileType = text.plist.xml; path = Info.plist; sourceTree = "<group>"; };
		370DC71A29DEC2110094DFA6 /* DetailViewController.swift */ = {isa = PBXFileReference; lastKnownFileType = sourcecode.swift; path = DetailViewController.swift; sourceTree = "<group>"; };
		370DC71C29DEC2730094DFA6 /* Utils.swift */ = {isa = PBXFileReference; lastKnownFileType = sourcecode.swift; path = Utils.swift; sourceTree = "<group>"; };
		370DC71E29DEC27B0094DFA6 /* Picture.swift */ = {isa = PBXFileReference; lastKnownFileType = sourcecode.swift; path = Picture.swift; sourceTree = "<group>"; };
		370DC72029DEC28F0094DFA6 /* PictureCell.swift */ = {isa = PBXFileReference; lastKnownFileType = sourcecode.swift; path = PictureCell.swift; sourceTree = "<group>"; };
/* End PBXFileReference section */

/* Begin PBXFrameworksBuildPhase section */
		370DC70029DEC1AF0094DFA6 /* Frameworks */ = {
			isa = PBXFrameworksBuildPhase;
			buildActionMask = 2147483647;
			files = (
			);
			runOnlyForDeploymentPostprocessing = 0;
		};
/* End PBXFrameworksBuildPhase section */

/* Begin PBXGroup section */
		370DC6FA29DEC1AF0094DFA6 = {
			isa = PBXGroup;
			children = (
				370DC70529DEC1AF0094DFA6 /* Project 10-12Challenge */,
				370DC70429DEC1AF0094DFA6 /* Products */,
			);
			sourceTree = "<group>";
		};
		370DC70429DEC1AF0094DFA6 /* Products */ = {
			isa = PBXGroup;
			children = (
				370DC70329DEC1AF0094DFA6 /* Project 10-12Challenge.app */,
			);
			name = Products;
			sourceTree = "<group>";
		};
		370DC70529DEC1AF0094DFA6 /* Project 10-12Challenge */ = {
			isa = PBXGroup;
			children = (
				370DC70629DEC1AF0094DFA6 /* AppDelegate.swift */,
				370DC70829DEC1AF0094DFA6 /* SceneDelegate.swift */,
				370DC70A29DEC1AF0094DFA6 /* ViewController.swift */,
				370DC70C29DEC1AF0094DFA6 /* Main.storyboard */,
				370DC70F29DEC1B10094DFA6 /* Assets.xcassets */,
				370DC71129DEC1B10094DFA6 /* LaunchScreen.storyboard */,
				370DC71429DEC1B10094DFA6 /* Info.plist */,
				370DC71A29DEC2110094DFA6 /* DetailViewController.swift */,
				370DC71C29DEC2730094DFA6 /* Utils.swift */,
				370DC71E29DEC27B0094DFA6 /* Picture.swift */,
				370DC72029DEC28F0094DFA6 /* PictureCell.swift */,
			);
			path = "Project 10-12Challenge";
			sourceTree = "<group>";
		};
/* End PBXGroup section */

/* Begin PBXNativeTarget section */
		370DC70229DEC1AF0094DFA6 /* Project 10-12Challenge */ = {
			isa = PBXNativeTarget;
			buildConfigurationList = 370DC71729DEC1B10094DFA6 /* Build configuration list for PBXNativeTarget "Project 10-12Challenge" */;
			buildPhases = (
				370DC6FF29DEC1AF0094DFA6 /* Sources */,
				370DC70029DEC1AF0094DFA6 /* Frameworks */,
				370DC70129DEC1AF0094DFA6 /* Resources */,
			);
			buildRules = (
			);
			dependencies = (
			);
			name = "Project 10-12Challenge";
			productName = "Project 10-12Challenge";
			productReference = 370DC70329DEC1AF0094DFA6 /* Project 10-12Challenge.app */;
			productType = "com.apple.product-type.application";
		};
/* End PBXNativeTarget section */

/* Begin PBXProject section */
		370DC6FB29DEC1AF0094DFA6 /* Project object */ = {
			isa = PBXProject;
			attributes = {
				BuildIndependentTargetsInParallel = 1;
				LastSwiftUpdateCheck = 1420;
				LastUpgradeCheck = 1420;
				TargetAttributes = {
					370DC70229DEC1AF0094DFA6 = {
						CreatedOnToolsVersion = 14.2;
					};
				};
			};
			buildConfigurationList = 370DC6FE29DEC1AF0094DFA6 /* Build configuration list for PBXProject "Project 10-12Challenge" */;
			compatibilityVersion = "Xcode 14.0";
			developmentRegion = en;
			hasScannedForEncodings = 0;
			knownRegions = (
				en,
				Base,
			);
			mainGroup = 370DC6FA29DEC1AF0094DFA6;
			productRefGroup = 370DC70429DEC1AF0094DFA6 /* Products */;
			projectDirPath = "";
			projectRoot = "";
			targets = (
				370DC70229DEC1AF0094DFA6 /* Project 10-12Challenge */,
			);
		};
/* End PBXProject section */

/* Begin PBXResourcesBuildPhase section */
		370DC70129DEC1AF0094DFA6 /* Resources */ = {
			isa = PBXResourcesBuildPhase;
			buildActionMask = 2147483647;
			files = (
				370DC71329DEC1B10094DFA6 /* LaunchScreen.storyboard in Resources */,
				370DC71029DEC1B10094DFA6 /* Assets.xcassets in Resources */,
				370DC70E29DEC1AF0094DFA6 /* Main.storyboard in Resources */,
			);
			runOnlyForDeploymentPostprocessing = 0;
		};
/* End PBXResourcesBuildPhase section */

/* Begin PBXSourcesBuildPhase section */
		370DC6FF29DEC1AF0094DFA6 /* Sources */ = {
			isa = PBXSourcesBuildPhase;
			buildActionMask = 2147483647;
			files = (
				370DC71F29DEC27B0094DFA6 /* Picture.swift in Sources */,
				370DC71D29DEC2730094DFA6 /* Utils.swift in Sources */,
				370DC70B29DEC1AF0094DFA6 /* ViewController.swift in Sources */,
				370DC70729DEC1AF0094DFA6 /* AppDelegate.swift in Sources */,
				370DC70929DEC1AF0094DFA6 /* SceneDelegate.swift in Sources */,
				370DC72129DEC28F0094DFA6 /* PictureCell.swift in Sources */,
				370DC71B29DEC2110094DFA6 /* DetailViewController.swift in Sources */,
			);
			runOnlyForDeploymentPostprocessing = 0;
		};
/* End PBXSourcesBuildPhase section */

/* Begin PBXVariantGroup section */
		370DC70C29DEC1AF0094DFA6 /* Main.storyboard */ = {
			isa = PBXVariantGroup;
			children = (
				370DC70D29DEC1AF0094DFA6 /* Base */,
			);
			name = Main.storyboard;
			sourceTree = "<group>";
		};
		370DC71129DEC1B10094DFA6 /* LaunchScreen.storyboard */ = {
			isa = PBXVariantGroup;
			children = (
				370DC71229DEC1B10094DFA6 /* Base */,
			);
			name = LaunchScreen.storyboard;
			sourceTree = "<group>";
		};
/* End PBXVariantGroup section */

/* Begin XCBuildConfiguration section */
		370DC71529DEC1B10094DFA6 /* Debug */ = {
			isa = XCBuildConfiguration;
			buildSettings = {
				ALWAYS_SEARCH_USER_PATHS = NO;
				CLANG_ANALYZER_NONNULL = YES;
				CLANG_ANALYZER_NUMBER_OBJECT_CONVERSION = YES_AGGRESSIVE;
				CLANG_CXX_LANGUAGE_STANDARD = "gnu++20";
				CLANG_ENABLE_MODULES = YES;
				CLANG_ENABLE_OBJC_ARC = YES;
				CLANG_ENABLE_OBJC_WEAK = YES;
				CLANG_WARN_BLOCK_CAPTURE_AUTORELEASING = YES;
				CLANG_WARN_BOOL_CONVERSION = YES;
				CLANG_WARN_COMMA = YES;
				CLANG_WARN_CONSTANT_CONVERSION = YES;
				CLANG_WARN_DEPRECATED_OBJC_IMPLEMENTATIONS = YES;
				CLANG_WARN_DIRECT_OBJC_ISA_USAGE = YES_ERROR;
				CLANG_WARN_DOCUMENTATION_COMMENTS = YES;
				CLANG_WARN_EMPTY_BODY = YES;
				CLANG_WARN_ENUM_CONVERSION = YES;
				CLANG_WARN_INFINITE_RECURSION = YES;
				CLANG_WARN_INT_CONVERSION = YES;
				CLANG_WARN_NON_LITERAL_NULL_CONVERSION = YES;
				CLANG_WARN_OBJC_IMPLICIT_RETAIN_SELF = YES;
				CLANG_WARN_OBJC_LITERAL_CONVERSION = YES;
				CLANG_WARN_OBJC_ROOT_CLASS = YES_ERROR;
				CLANG_WARN_QUOTED_INCLUDE_IN_FRAMEWORK_HEADER = YES;
				CLANG_WARN_RANGE_LOOP_ANALYSIS = YES;
				CLANG_WARN_STRICT_PROTOTYPES = YES;
				CLANG_WARN_SUSPICIOUS_MOVE = YES;
				CLANG_WARN_UNGUARDED_AVAILABILITY = YES_AGGRESSIVE;
				CLANG_WARN_UNREACHABLE_CODE = YES;
				CLANG_WARN__DUPLICATE_METHOD_MATCH = YES;
				COPY_PHASE_STRIP = NO;
				DEBUG_INFORMATION_FORMAT = dwarf;
				ENABLE_STRICT_OBJC_MSGSEND = YES;
				ENABLE_TESTABILITY = YES;
				GCC_C_LANGUAGE_STANDARD = gnu11;
				GCC_DYNAMIC_NO_PIC = NO;
				GCC_NO_COMMON_BLOCKS = YES;
				GCC_OPTIMIZATION_LEVEL = 0;
				GCC_PREPROCESSOR_DEFINITIONS = (
					"DEBUG=1",
					"$(inherited)",
				);
				GCC_WARN_64_TO_32_BIT_CONVERSION = YES;
				GCC_WARN_ABOUT_RETURN_TYPE = YES_ERROR;
				GCC_WARN_UNDECLARED_SELECTOR = YES;
				GCC_WARN_UNINITIALIZED_AUTOS = YES_AGGRESSIVE;
				GCC_WARN_UNUSED_FUNCTION = YES;
				GCC_WARN_UNUSED_VARIABLE = YES;
				IPHONEOS_DEPLOYMENT_TARGET = 16.2;
				MTL_ENABLE_DEBUG_INFO = INCLUDE_SOURCE;
				MTL_FAST_MATH = YES;
				ONLY_ACTIVE_ARCH = YES;
				SDKROOT = iphoneos;
				SWIFT_ACTIVE_COMPILATION_CONDITIONS = DEBUG;
				SWIFT_OPTIMIZATION_LEVEL = "-Onone";
			};
			name = Debug;
		};
		370DC71629DEC1B10094DFA6 /* Release */ = {
			isa = XCBuildConfiguration;
			buildSettings = {
				ALWAYS_SEARCH_USER_PATHS = NO;
				CLANG_ANALYZER_NONNULL = YES;
				CLANG_ANALYZER_NUMBER_OBJECT_CONVERSION = YES_AGGRESSIVE;
				CLANG_CXX_LANGUAGE_STANDARD = "gnu++20";
				CLANG_ENABLE_MODULES = YES;
				CLANG_ENABLE_OBJC_ARC = YES;
				CLANG_ENABLE_OBJC_WEAK = YES;
				CLANG_WARN_BLOCK_CAPTURE_AUTORELEASING = YES;
				CLANG_WARN_BOOL_CONVERSION = YES;
				CLANG_WARN_COMMA = YES;
				CLANG_WARN_CONSTANT_CONVERSION = YES;
				CLANG_WARN_DEPRECATED_OBJC_IMPLEMENTATIONS = YES;
				CLANG_WARN_DIRECT_OBJC_ISA_USAGE = YES_ERROR;
				CLANG_WARN_DOCUMENTATION_COMMENTS = YES;
				CLANG_WARN_EMPTY_BODY = YES;
				CLANG_WARN_ENUM_CONVERSION = YES;
				CLANG_WARN_INFINITE_RECURSION = YES;
				CLANG_WARN_INT_CONVERSION = YES;
				CLANG_WARN_NON_LITERAL_NULL_CONVERSION = YES;
				CLANG_WARN_OBJC_IMPLICIT_RETAIN_SELF = YES;
				CLANG_WARN_OBJC_LITERAL_CONVERSION = YES;
				CLANG_WARN_OBJC_ROOT_CLASS = YES_ERROR;
				CLANG_WARN_QUOTED_INCLUDE_IN_FRAMEWORK_HEADER = YES;
				CLANG_WARN_RANGE_LOOP_ANALYSIS = YES;
				CLANG_WARN_STRICT_PROTOTYPES = YES;
				CLANG_WARN_SUSPICIOUS_MOVE = YES;
				CLANG_WARN_UNGUARDED_AVAILABILITY = YES_AGGRESSIVE;
				CLANG_WARN_UNREACHABLE_CODE = YES;
				CLANG_WARN__DUPLICATE_METHOD_MATCH = YES;
				COPY_PHASE_STRIP = NO;
				DEBUG_INFORMATION_FORMAT = "dwarf-with-dsym";
				ENABLE_NS_ASSERTIONS = NO;
				ENABLE_STRICT_OBJC_MSGSEND = YES;
				GCC_C_LANGUAGE_STANDARD = gnu11;
				GCC_NO_COMMON_BLOCKS = YES;
				GCC_WARN_64_TO_32_BIT_CONVERSION = YES;
				GCC_WARN_ABOUT_RETURN_TYPE = YES_ERROR;
				GCC_WARN_UNDECLARED_SELECTOR = YES;
				GCC_WARN_UNINITIALIZED_AUTOS = YES_AGGRESSIVE;
				GCC_WARN_UNUSED_FUNCTION = YES;
				GCC_WARN_UNUSED_VARIABLE = YES;
				IPHONEOS_DEPLOYMENT_TARGET = 16.2;
				MTL_ENABLE_DEBUG_INFO = NO;
				MTL_FAST_MATH = YES;
				SDKROOT = iphoneos;
				SWIFT_COMPILATION_MODE = wholemodule;
				SWIFT_OPTIMIZATION_LEVEL = "-O";
				VALIDATE_PRODUCT = YES;
			};
			name = Release;
		};
		370DC71829DEC1B10094DFA6 /* Debug */ = {
			isa = XCBuildConfiguration;
			buildSettings = {
				ASSETCATALOG_COMPILER_APPICON_NAME = AppIcon;
				ASSETCATALOG_COMPILER_GLOBAL_ACCENT_COLOR_NAME = AccentColor;
				CODE_SIGN_STYLE = Automatic;
				CURRENT_PROJECT_VERSION = 1;
				DEVELOPMENT_TEAM = FQ9852Z3LX;
				GENERATE_INFOPLIST_FILE = YES;
				INFOPLIST_FILE = "Project 10-12Challenge/Info.plist";
				INFOPLIST_KEY_UIApplicationSupportsIndirectInputEvents = YES;
				INFOPLIST_KEY_UILaunchStoryboardName = LaunchScreen;
				INFOPLIST_KEY_UIMainStoryboardFile = Main;
				INFOPLIST_KEY_UISupportedInterfaceOrientations_iPad = "UIInterfaceOrientationPortrait UIInterfaceOrientationPortraitUpsideDown UIInterfaceOrientationLandscapeLeft UIInterfaceOrientationLandscapeRight";
				INFOPLIST_KEY_UISupportedInterfaceOrientations_iPhone = "UIInterfaceOrientationPortrait UIInterfaceOrientationLandscapeLeft UIInterfaceOrientationLandscapeRight";
				LD_RUNPATH_SEARCH_PATHS = (
					"$(inherited)",
					"@executable_path/Frameworks",
				);
				MARKETING_VERSION = 1.0;
				PRODUCT_BUNDLE_IDENTIFIER = "com.Ios.Project-10-12Challenge";
				PRODUCT_NAME = "$(TARGET_NAME)";
				SWIFT_EMIT_LOC_STRINGS = YES;
				SWIFT_VERSION = 5.0;
				TARGETED_DEVICE_FAMILY = "1,2";
			};
			name = Debug;
		};
		370DC71929DEC1B10094DFA6 /* Release */ = {
			isa = XCBuildConfiguration;
			buildSettings = {
				ASSETCATALOG_COMPILER_APPICON_NAME = AppIcon;
				ASSETCATALOG_COMPILER_GLOBAL_ACCENT_COLOR_NAME = AccentColor;
				CODE_SIGN_STYLE = Automatic;
				CURRENT_PROJECT_VERSION = 1;
				DEVELOPMENT_TEAM = FQ9852Z3LX;
				GENERATE_INFOPLIST_FILE = YES;
				INFOPLIST_FILE = "Project 10-12Challenge/Info.plist";
				INFOPLIST_KEY_UIApplicationSupportsIndirectInputEvents = YES;
				INFOPLIST_KEY_UILaunchStoryboardName = LaunchScreen;
				INFOPLIST_KEY_UIMainStoryboardFile = Main;
				INFOPLIST_KEY_UISupportedInterfaceOrientations_iPad = "UIInterfaceOrientationPortrait UIInterfaceOrientationPortraitUpsideDown UIInterfaceOrientationLandscapeLeft UIInterfaceOrientationLandscapeRight";
				INFOPLIST_KEY_UISupportedInterfaceOrientations_iPhone = "UIInterfaceOrientationPortrait UIInterfaceOrientationLandscapeLeft UIInterfaceOrientationLandscapeRight";
				LD_RUNPATH_SEARCH_PATHS = (
					"$(inherited)",
					"@executable_path/Frameworks",
				);
				MARKETING_VERSION = 1.0;
				PRODUCT_BUNDLE_IDENTIFIER = "com.Ios.Project-10-12Challenge";
				PRODUCT_NAME = "$(TARGET_NAME)";
				SWIFT_EMIT_LOC_STRINGS = YES;
				SWIFT_VERSION = 5.0;
				TARGETED_DEVICE_FAMILY = "1,2";
			};
			name = Release;
		};
/* End XCBuildConfiguration section */

/* Begin XCConfigurationList section */
		370DC6FE29DEC1AF0094DFA6 /* Build configuration list for PBXProject "Project 10-12Challenge" */ = {
			isa = XCConfigurationList;
			buildConfigurations = (
				370DC71529DEC1B10094DFA6 /* Debug */,
				370DC71629DEC1B10094DFA6 /* Release */,
			);
			defaultConfigurationIsVisible = 0;
			defaultConfigurationName = Release;
		};
		370DC71729DEC1B10094DFA6 /* Build configuration list for PBXNativeTarget "Project 10-12Challenge" */ = {
			isa = XCConfigurationList;
			buildConfigurations = (
				370DC71829DEC1B10094DFA6 /* Debug */,
				370DC71929DEC1B10094DFA6 /* Release */,
			);
			defaultConfigurationIsVisible = 0;
			defaultConfigurationName = Release;
		};
/* End XCConfigurationList section */
	};
	rootObject = 370DC6FB29DEC1AF0094DFA6 /* Project object */;
}
